{
  "name": "automatr",
  "lockfileVersion": 3,
  "requires": true,
  "packages": {
    "": {
      "dependencies": {
        "strophe.js": "^4.0.0-rc0"
      }
    },
    "node_modules/strophe.js": {
      "version": "4.0.0-rc0",
      "resolved": "https://registry.npmjs.org/strophe.js/-/strophe.js-4.0.0-rc0.tgz",
      "integrity": "sha512-9j2hR/OsxFX1gmqcsxNOQySrUUju0blHAmGB5g5EcdlVjWn19u+xHKEoXt4Ft8VPBB9rQR0jvtQkAJPpqM9XTw==",
      "license": "MIT",
      "peerDependencies": {
        "jsdom": ">=20.0.0",
        "ws": ">=8.0.0"
      },
      "peerDependenciesMeta": {
        "jsdom": {
          "optional": true
        },
        "ws": {
          "optional": true
        }
      }
    }
  }
}
